
Microsoft Visual Studio Solution File, Format Version 12.00
# Visual Studio Version 17
VisualStudioVersion = 17.3.32929.385
MinimumVisualStudioVersion = 10.0.40219.1
Project("{FAE04EC0-301F-11D3-BF4B-00C04F79EFBC}") = "paymentApi", "paymentApi\paymentApi.csproj", "{24D13CDD-6FE0-498E-82E3-E3BAF4EA1BD8}"
EndProject
Global
	GlobalSection(SolutionConfigurationPlatforms) = preSolution
		Debug|Any CPU = Debug|Any CPU
		Release|Any CPU = Release|Any CPU
	EndGlobalSection
	GlobalSection(ProjectConfigurationPlatforms) = postSolution
		{24D13CDD-6FE0-498E-82E3-E3BAF4EA1BD8}.Debug|Any CPU.ActiveCfg = Debug|Any CPU
		{24D13CDD-6FE0-498E-82E3-E3BAF4EA1BD8}.Debug|Any CPU.Build.0 = Debug|Any CPU
		{24D13CDD-6FE0-498E-82E3-E3BAF4EA1BD8}.Release|Any CPU.ActiveCfg = Release|Any CPU
		{24D13CDD-6FE0-498E-82E3-E3BAF4EA1BD8}.Release|Any CPU.Build.0 = Release|Any CPU
	EndGlobalSection
	GlobalSection(SolutionProperties) = preSolution
		HideSolutionNode = FALSE
	EndGlobalSection
	GlobalSection(ExtensibilityGlobals) = postSolution
		SolutionGuid = {CB5E9E97-5360-4D92-9EE1-BD2F714736C7}
	EndGlobalSection
EndGlobal
